
Microsoft Visual Studio Solution File, Format Version 12.00
# Visual Studio Version 16
VisualStudioVersion = 16.0.33529.622
MinimumVisualStudioVersion = 10.0.40219.1
Project("{FAE04EC0-301F-11D3-BF4B-00C04F79EFBC}") = "Proj1-SampleConApp", "Proj1-SampleConApp\Proj1-SampleConApp.csproj", "{B8FBB77F-ECD1-4169-80B6-B0B9F89DC08A}"
EndProject
Global
	GlobalSection(SolutionConfigurationPlatforms) = preSolution
		Debug|Any CPU = Debug|Any CPU
		Release|Any CPU = Release|Any CPU
	EndGlobalSection
	GlobalSection(ProjectConfigurationPlatforms) = postSolution
		{B8FBB77F-ECD1-4169-80B6-B0B9F89DC08A}.Debug|Any CPU.ActiveCfg = Debug|Any CPU
		{B8FBB77F-ECD1-4169-80B6-B0B9F89DC08A}.Debug|Any CPU.Build.0 = Debug|Any CPU
		{B8FBB77F-ECD1-4169-80B6-B0B9F89DC08A}.Release|Any CPU.ActiveCfg = Release|Any CPU
		{B8FBB77F-ECD1-4169-80B6-B0B9F89DC08A}.Release|Any CPU.Build.0 = Release|Any CPU
	EndGlobalSection
	GlobalSection(SolutionProperties) = preSolution
		HideSolutionNode = FALSE
	EndGlobalSection
	GlobalSection(ExtensibilityGlobals) = postSolution
		SolutionGuid = {F9FA38C6-B5BF-4ABD-BA6C-32D30CA7A320}
	EndGlobalSection
EndGlobal
